dependencies:
- name: airflow
  repository: https://airflow.apache.org
  version: 1.18.0
- name: mariadb
  repository: https://charts.bitnami.com/bitnami
  version: 22.0.0
- name: nfs-server-provisioner
  repository: https://kvaps.github.io/charts
  version: 1.8.0
digest: sha256:b139d21dec0d41779c312f1b99b801e8ddb68e1ea2c2d813ea16119a5702c9ba
generated: "2025-09-14T14:16:40.269518+01:00"
